{
  "name": "demo2",
  "lockfileVersion": 2,
  "requires": true,
  "packages": {
    "": {
      "dependencies": {
        "@ckeditor/ckeditor5-font": "38.0.1"
      }
    },
    "node_modules/@ckeditor/ckeditor5-clipboard": {
      "version": "38.0.1",
      "resolved": "https://registry.npmjs.org/@ckeditor/ckeditor5-clipboard/-/ckeditor5-clipboard-38.0.1.tgz",
      "integrity": "sha512-yAlif+UYoHH3gl/A1wNmXcMU98jJhmuLOSjVYWEIaVJQQbOtGesnDrDVXwST2KBZhyp/qBsblQnLyW4oqEJvug==",
      "dependencies": {
        "@ckeditor/ckeditor5-core": "^38.0.1",
        "@ckeditor/ckeditor5-engine": "^38.0.1",
        "@ckeditor/ckeditor5-ui": "^38.0.1",
        "@ckeditor/ckeditor5-utils": "^38.0.1",
        "@ckeditor/ckeditor5-widget": "^38.0.1",
        "lodash-es": "^4.17.15"
      },
      "engines": {
        "node": ">=16.0.0",
        "npm": ">=5.7.1"
      }
    },
    "node_modules/@ckeditor/ckeditor5-core": {
      "version": "38.0.1",
      "resolved": "https://registry.npmjs.org/@ckeditor/ckeditor5-core/-/ckeditor5-core-38.0.1.tgz",
      "integrity": "sha512-DL3dp5Rlb0aGGtyQuE8AEQ/a1rfnQghNjn6EdOJhGlzt61JeP3hovY11JQQJ0qh8ZWDt//ZU2c5XmVqJeED08w==",
      "dependencies": {
        "@ckeditor/ckeditor5-engine": "^38.0.1",
        "@ckeditor/ckeditor5-utils": "^38.0.1",
        "lodash-es": "^4.17.15"
      },
      "engines": {
        "node": ">=16.0.0",
        "npm": ">=5.7.1"
      }
    },
    "node_modules/@ckeditor/ckeditor5-engine": {
      "version": "38.0.1",
      "resolved": "https://registry.npmjs.org/@ckeditor/ckeditor5-engine/-/ckeditor5-engine-38.0.1.tgz",
      "integrity": "sha512-7gGcSv1TQ78G1dc0IAknGkWCou1xWbuSmZwT40bcLWnF+vz7hYY1i1Hj4Npp8SLVMkyisiYCdiSJrJrHjvXnyg==",
      "dependencies": {
        "@ckeditor/ckeditor5-utils": "^38.0.1",
        "lodash-es": "^4.17.15"
      },
      "engines": {
        "node": ">=16.0.0",
        "npm": ">=5.7.1"
      }
    },
    "node_modules/@ckeditor/ckeditor5-enter": {
      "version": "38.0.1",
      "resolved": "https://registry.npmjs.org/@ckeditor/ckeditor5-enter/-/ckeditor5-enter-38.0.1.tgz",
      "integrity": "sha512-RIrx2eoV9k1JpHrXp9QdCKP0k+9jr3wqgplhdTj5Ae5BNZdulD4nFi+9NKOr4t9dHprL2RqcolD7DJtOD8I2GQ==",
      "dependencies": {
        "@ckeditor/ckeditor5-core": "^38.0.1",
        "@ckeditor/ckeditor5-engine": "^38.0.1",
        "@ckeditor/ckeditor5-utils": "^38.0.1"
      },
      "engines": {
        "node": ">=16.0.0",
        "npm": ">=5.7.1"
      }
    },
    "node_modules/@ckeditor/ckeditor5-font": {
      "version": "38.0.1",
      "resolved": "https://registry.npmjs.org/@ckeditor/ckeditor5-font/-/ckeditor5-font-38.0.1.tgz",
      "integrity": "sha512-Dkh5jTL6mPDJknBl7NaL9Lf9cGod9zVdYVuEDhWAhvaI1Znyf8ZKDd1ViYofKPxm3T4CQa5i8SfYM4/1RSO0Ww==",
      "dependencies": {
        "@ckeditor/ckeditor5-ui": "^38.0.1",
        "ckeditor5": "^38.0.1"
      },
      "engines": {
        "node": ">=16.0.0",
        "npm": ">=5.7.1"
      }
    },
    "node_modules/@ckeditor/ckeditor5-paragraph": {
      "version": "38.0.1",
      "resolved": "https://registry.npmjs.org/@ckeditor/ckeditor5-paragraph/-/ckeditor5-paragraph-38.0.1.tgz",
      "integrity": "sha512-LgI/NhWT8F8ntmzhGfhY/SP50jBMcm5IEGHslFceYhvPijOYldm+R+Ip2kjkJJDWR+PcgS3QRZLx60qMJLXxqA==",
      "dependencies": {
        "@ckeditor/ckeditor5-core": "^38.0.1",
        "@ckeditor/ckeditor5-ui": "^38.0.1",
        "@ckeditor/ckeditor5-utils": "^38.0.1"
      },
      "engines": {
        "node": ">=16.0.0",
        "npm": ">=5.7.1"
      }
    },
    "node_modules/@ckeditor/ckeditor5-select-all": {
      "version": "38.0.1",
      "resolved": "https://registry.npmjs.org/@ckeditor/ckeditor5-select-all/-/ckeditor5-select-all-38.0.1.tgz",
      "integrity": "sha512-rFkeA27Poa3PzjpBP8f5hiQY0/81yzYDF2Zz6Zfah9yN103A6e+CXUBoo/BfBH6wBDFNJHG7/7sKL99AMJvmLQ==",
      "dependencies": {
        "@ckeditor/ckeditor5-core": "^38.0.1",
        "@ckeditor/ckeditor5-ui": "^38.0.1",
        "@ckeditor/ckeditor5-utils": "^38.0.1"
      },
      "engines": {
        "node": ">=16.0.0",
        "npm": ">=5.7.1"
      }
    },
    "node_modules/@ckeditor/ckeditor5-typing": {
      "version": "38.0.1",
      "resolved": "https://registry.npmjs.org/@ckeditor/ckeditor5-typing/-/ckeditor5-typing-38.0.1.tgz",
      "integrity": "sha512-717JKThNYRkLxH4L/5AGDqexFc8L2rvkFMbflQSvGRhPpl5d40o+DAduTENkMN0WWuFTovAYDjEwMrjjbUKO7w==",
      "dependencies": {
        "@ckeditor/ckeditor5-core": "^38.0.1",
        "@ckeditor/ckeditor5-engine": "^38.0.1",
        "@ckeditor/ckeditor5-utils": "^38.0.1",
        "lodash-es": "^4.17.15"
      },
      "engines": {
        "node": ">=16.0.0",
        "npm": ">=5.7.1"
      }
    },
    "node_modules/@ckeditor/ckeditor5-ui": {
      "version": "38.0.1",
      "resolved": "https://registry.npmjs.org/@ckeditor/ckeditor5-ui/-/ckeditor5-ui-38.0.1.tgz",
      "integrity": "sha512-7ufB/DkIkkJDFAmSMVc5FgohxLs02+s2KAAlIoCopA+6nPTnJEQjIoHgFaqB28QTW6C9z5VSE21lpHwz+zb/fg==",
      "dependencies": {
        "@ckeditor/ckeditor5-core": "^38.0.1",
        "@ckeditor/ckeditor5-utils": "^38.0.1",
        "color-convert": "2.0.1",
        "color-parse": "1.4.2",
        "lodash-es": "^4.17.15",
        "vanilla-colorful": "0.7.2"
      },
      "engines": {
        "node": ">=16.0.0",
        "npm": ">=5.7.1"
      }
    },
    "node_modules/@ckeditor/ckeditor5-undo": {
      "version": "38.0.1",
      "resolved": "https://registry.npmjs.org/@ckeditor/ckeditor5-undo/-/ckeditor5-undo-38.0.1.tgz",
      "integrity": "sha512-nd6jlycoNYguJpiLEqc5wzFV6VE7y2Bieop9pn//ak0uiTHuup81sZH3aHCw2c/2Qq46O8k5eqoYgeB1Pm2+WQ==",
      "dependencies": {
        "@ckeditor/ckeditor5-core": "^38.0.1",
        "@ckeditor/ckeditor5-engine": "^38.0.1",
        "@ckeditor/ckeditor5-ui": "^38.0.1"
      },
      "engines": {
        "node": ">=16.0.0",
        "npm": ">=5.7.1"
      }
    },
    "node_modules/@ckeditor/ckeditor5-upload": {
      "version": "38.0.1",
      "resolved": "https://registry.npmjs.org/@ckeditor/ckeditor5-upload/-/ckeditor5-upload-38.0.1.tgz",
      "integrity": "sha512-vwcs5DZcjDW3ynnCVMXjHWCpLBZ9r544tlo5Gbe287X253vMAse2DDJ9pD9KYqPv1k3QNGaKRa4CtjuKarpUWw==",
      "dependencies": {
        "@ckeditor/ckeditor5-core": "^38.0.1",
        "@ckeditor/ckeditor5-ui": "^38.0.1",
        "@ckeditor/ckeditor5-utils": "^38.0.1"
      },
      "engines": {
        "node": ">=16.0.0",
        "npm": ">=5.7.1"
      }
    },
    "node_modules/@ckeditor/ckeditor5-utils": {
      "version": "38.0.1",
      "resolved": "https://registry.npmjs.org/@ckeditor/ckeditor5-utils/-/ckeditor5-utils-38.0.1.tgz",
      "integrity": "sha512-biJ7yBUSumPDPq14FvZFW4+lHD2LfcZLWgJ7KesoseSOo2BgXAznUGozndEgeHYlnevs9bJAjQOGlTd5bYOW0w==",
      "dependencies": {
        "lodash-es": "^4.17.15"
      },
      "engines": {
        "node": ">=16.0.0",
        "npm": ">=5.7.1"
      }
    },
    "node_modules/@ckeditor/ckeditor5-watchdog": {
      "version": "38.0.1",
      "resolved": "https://registry.npmjs.org/@ckeditor/ckeditor5-watchdog/-/ckeditor5-watchdog-38.0.1.tgz",
      "integrity": "sha512-Q2QeUbDpoA4gIYpd0BicnP0k7ZxuY09x6+8AYNG45xI9NvcFhyyry/dw41AwFmqcZbU3NfPxV47vJzIQ2ZOqQg==",
      "dependencies": {
        "lodash-es": "^4.17.15"
      },
      "engines": {
        "node": ">=16.0.0",
        "npm": ">=5.7.1"
      }
    },
    "node_modules/@ckeditor/ckeditor5-widget": {
      "version": "38.0.1",
      "resolved": "https://registry.npmjs.org/@ckeditor/ckeditor5-widget/-/ckeditor5-widget-38.0.1.tgz",
      "integrity": "sha512-2XxSXzS9doFWGX7Lb5U5+sLr6tJQOUP17lGBC2PwaNPfZWTk73ibq3vUlboAJJB5Hv3JrIa971KH6rcFIdr1Hg==",
      "dependencies": {
        "@ckeditor/ckeditor5-core": "^38.0.1",
        "@ckeditor/ckeditor5-engine": "^38.0.1",
        "@ckeditor/ckeditor5-enter": "^38.0.1",
        "@ckeditor/ckeditor5-typing": "^38.0.1",
        "@ckeditor/ckeditor5-ui": "^38.0.1",
        "@ckeditor/ckeditor5-utils": "^38.0.1",
        "lodash-es": "^4.17.15"
      },
      "engines": {
        "node": ">=16.0.0",
        "npm": ">=5.7.1"
      }
    },
    "node_modules/ckeditor5": {
      "version": "38.0.1",
      "resolved": "https://registry.npmjs.org/ckeditor5/-/ckeditor5-38.0.1.tgz",
      "integrity": "sha512-r1axtjYlQZxcyWyF9vbiPiZYZSYBd40ITlo6gC7L5bOLSlFNreEif7b7IRKg4e5aGn4c1FopTk7WoLsZ/CnSoA==",
      "dependencies": {
        "@ckeditor/ckeditor5-clipboard": "^38.0.1",
        "@ckeditor/ckeditor5-core": "^38.0.1",
        "@ckeditor/ckeditor5-engine": "^38.0.1",
        "@ckeditor/ckeditor5-enter": "^38.0.1",
        "@ckeditor/ckeditor5-paragraph": "^38.0.1",
        "@ckeditor/ckeditor5-select-all": "^38.0.1",
        "@ckeditor/ckeditor5-typing": "^38.0.1",
        "@ckeditor/ckeditor5-ui": "^38.0.1",
        "@ckeditor/ckeditor5-undo": "^38.0.1",
        "@ckeditor/ckeditor5-upload": "^38.0.1",
        "@ckeditor/ckeditor5-utils": "^38.0.1",
        "@ckeditor/ckeditor5-watchdog": "^38.0.1",
        "@ckeditor/ckeditor5-widget": "^38.0.1"
      },
      "engines": {
        "node": ">=16.0.0",
        "npm": ">=5.7.1"
      }
    },
    "node_modules/color-convert": {
      "version": "2.0.1",
      "resolved": "https://registry.npmjs.org/color-convert/-/color-convert-2.0.1.tgz",
      "integrity": "sha512-RRECPsj7iu/xb5oKYcsFHSppFNnsj/52OVTRKb4zP5onXwVF3zVmmToNcOfGC+CRDpfK/U584fMg38ZHCaElKQ==",
      "dependencies": {
        "color-name": "~1.1.4"
      },
      "engines": {
        "node": ">=7.0.0"
      }
    },
    "node_modules/color-name": {
      "version": "1.1.4",
      "resolved": "https://registry.npmjs.org/color-name/-/color-name-1.1.4.tgz",
      "integrity": "sha512-dOy+3AuW3a2wNbZHIuMZpTcgjGuLU/uBL/ubcZF9OXbDo8ff4O8yVp5Bf0efS8uEoYo5q4Fx7dY9OgQGXgAsQA=="
    },
    "node_modules/color-parse": {
      "version": "1.4.2",
      "resolved": "https://registry.npmjs.org/color-parse/-/color-parse-1.4.2.tgz",
      "integrity": "sha512-RI7s49/8yqDj3fECFZjUI1Yi0z/Gq1py43oNJivAIIDSyJiOZLfYCRQEgn8HEVAj++PcRe8AnL2XF0fRJ3BTnA==",
      "dependencies": {
        "color-name": "^1.0.0"
      }
    },
    "node_modules/lodash-es": {
      "version": "4.17.21",
      "resolved": "https://registry.npmjs.org/lodash-es/-/lodash-es-4.17.21.tgz",
      "integrity": "sha512-mKnC+QJ9pWVzv+C4/U3rRsHapFfHvQFoFB92e52xeyGMcX6/OlIl78je1u8vePzYZSkkogMPJ2yjxxsb89cxyw=="
    },
    "node_modules/vanilla-colorful": {
      "version": "0.7.2",
      "resolved": "https://registry.npmjs.org/vanilla-colorful/-/vanilla-colorful-0.7.2.tgz",
      "integrity": "sha512-z2YZusTFC6KnLERx1cgoIRX2CjPRP0W75N+3CC6gbvdX5Ch47rZkEMGO2Xnf+IEmi3RiFLxS18gayMA27iU7Kg=="
    }
  },
  "dependencies": {
    "@ckeditor/ckeditor5-clipboard": {
      "version": "38.0.1",
      "resolved": "https://registry.npmjs.org/@ckeditor/ckeditor5-clipboard/-/ckeditor5-clipboard-38.0.1.tgz",
      "integrity": "sha512-yAlif+UYoHH3gl/A1wNmXcMU98jJhmuLOSjVYWEIaVJQQbOtGesnDrDVXwST2KBZhyp/qBsblQnLyW4oqEJvug==",
      "requires": {
        "@ckeditor/ckeditor5-core": "^38.0.1",
        "@ckeditor/ckeditor5-engine": "^38.0.1",
        "@ckeditor/ckeditor5-ui": "^38.0.1",
        "@ckeditor/ckeditor5-utils": "^38.0.1",
        "@ckeditor/ckeditor5-widget": "^38.0.1",
        "lodash-es": "^4.17.15"
      }
    },
    "@ckeditor/ckeditor5-core": {
      "version": "38.0.1",
      "resolved": "https://registry.npmjs.org/@ckeditor/ckeditor5-core/-/ckeditor5-core-38.0.1.tgz",
      "integrity": "sha512-DL3dp5Rlb0aGGtyQuE8AEQ/a1rfnQghNjn6EdOJhGlzt61JeP3hovY11JQQJ0qh8ZWDt//ZU2c5XmVqJeED08w==",
      "requires": {
        "@ckeditor/ckeditor5-engine": "^38.0.1",
        "@ckeditor/ckeditor5-utils": "^38.0.1",
        "lodash-es": "^4.17.15"
      }
    },
    "@ckeditor/ckeditor5-engine": {
      "version": "38.0.1",
      "resolved": "https://registry.npmjs.org/@ckeditor/ckeditor5-engine/-/ckeditor5-engine-38.0.1.tgz",
      "integrity": "sha512-7gGcSv1TQ78G1dc0IAknGkWCou1xWbuSmZwT40bcLWnF+vz7hYY1i1Hj4Npp8SLVMkyisiYCdiSJrJrHjvXnyg==",
      "requires": {
        "@ckeditor/ckeditor5-utils": "^38.0.1",
        "lodash-es": "^4.17.15"
      }
    },
    "@ckeditor/ckeditor5-enter": {
      "version": "38.0.1",
      "resolved": "https://registry.npmjs.org/@ckeditor/ckeditor5-enter/-/ckeditor5-enter-38.0.1.tgz",
      "integrity": "sha512-RIrx2eoV9k1JpHrXp9QdCKP0k+9jr3wqgplhdTj5Ae5BNZdulD4nFi+9NKOr4t9dHprL2RqcolD7DJtOD8I2GQ==",
      "requires": {
        "@ckeditor/ckeditor5-core": "^38.0.1",
        "@ckeditor/ckeditor5-engine": "^38.0.1",
        "@ckeditor/ckeditor5-utils": "^38.0.1"
      }
    },
    "@ckeditor/ckeditor5-font": {
      "version": "38.0.1",
      "resolved": "https://registry.npmjs.org/@ckeditor/ckeditor5-font/-/ckeditor5-font-38.0.1.tgz",
      "integrity": "sha512-Dkh5jTL6mPDJknBl7NaL9Lf9cGod9zVdYVuEDhWAhvaI1Znyf8ZKDd1ViYofKPxm3T4CQa5i8SfYM4/1RSO0Ww==",
      "requires": {
        "@ckeditor/ckeditor5-ui": "^38.0.1",
        "ckeditor5": "^38.0.1"
      }
    },
    "@ckeditor/ckeditor5-paragraph": {
      "version": "38.0.1",
      "resolved": "https://registry.npmjs.org/@ckeditor/ckeditor5-paragraph/-/ckeditor5-paragraph-38.0.1.tgz",
      "integrity": "sha512-LgI/NhWT8F8ntmzhGfhY/SP50jBMcm5IEGHslFceYhvPijOYldm+R+Ip2kjkJJDWR+PcgS3QRZLx60qMJLXxqA==",
      "requires": {
        "@ckeditor/ckeditor5-core": "^38.0.1",
        "@ckeditor/ckeditor5-ui": "^38.0.1",
        "@ckeditor/ckeditor5-utils": "^38.0.1"
      }
    },
    "@ckeditor/ckeditor5-select-all": {
      "version": "38.0.1",
      "resolved": "https://registry.npmjs.org/@ckeditor/ckeditor5-select-all/-/ckeditor5-select-all-38.0.1.tgz",
      "integrity": "sha512-rFkeA27Poa3PzjpBP8f5hiQY0/81yzYDF2Zz6Zfah9yN103A6e+CXUBoo/BfBH6wBDFNJHG7/7sKL99AMJvmLQ==",
      "requires": {
        "@ckeditor/ckeditor5-core": "^38.0.1",
        "@ckeditor/ckeditor5-ui": "^38.0.1",
        "@ckeditor/ckeditor5-utils": "^38.0.1"
      }
    },
    "@ckeditor/ckeditor5-typing": {
      "version": "38.0.1",
      "resolved": "https://registry.npmjs.org/@ckeditor/ckeditor5-typing/-/ckeditor5-typing-38.0.1.tgz",
      "integrity": "sha512-717JKThNYRkLxH4L/5AGDqexFc8L2rvkFMbflQSvGRhPpl5d40o+DAduTENkMN0WWuFTovAYDjEwMrjjbUKO7w==",
      "requires": {
        "@ckeditor/ckeditor5-core": "^38.0.1",
        "@ckeditor/ckeditor5-engine": "^38.0.1",
        "@ckeditor/ckeditor5-utils": "^38.0.1",
        "lodash-es": "^4.17.15"
      }
    },
    "@ckeditor/ckeditor5-ui": {
      "version": "38.0.1",
      "resolved": "https://registry.npmjs.org/@ckeditor/ckeditor5-ui/-/ckeditor5-ui-38.0.1.tgz",
      "integrity": "sha512-7ufB/DkIkkJDFAmSMVc5FgohxLs02+s2KAAlIoCopA+6nPTnJEQjIoHgFaqB28QTW6C9z5VSE21lpHwz+zb/fg==",
      "requires": {
        "@ckeditor/ckeditor5-core": "^38.0.1",
        "@ckeditor/ckeditor5-utils": "^38.0.1",
        "color-convert": "2.0.1",
        "color-parse": "1.4.2",
        "lodash-es": "^4.17.15",
        "vanilla-colorful": "0.7.2"
      }
    },
    "@ckeditor/ckeditor5-undo": {
      "version": "38.0.1",
      "resolved": "https://registry.npmjs.org/@ckeditor/ckeditor5-undo/-/ckeditor5-undo-38.0.1.tgz",
      "integrity": "sha512-nd6jlycoNYguJpiLEqc5wzFV6VE7y2Bieop9pn//ak0uiTHuup81sZH3aHCw2c/2Qq46O8k5eqoYgeB1Pm2+WQ==",
      "requires": {
        "@ckeditor/ckeditor5-core": "^38.0.1",
        "@ckeditor/ckeditor5-engine": "^38.0.1",
        "@ckeditor/ckeditor5-ui": "^38.0.1"
      }
    },
    "@ckeditor/ckeditor5-upload": {
      "version": "38.0.1",
      "resolved": "https://registry.npmjs.org/@ckeditor/ckeditor5-upload/-/ckeditor5-upload-38.0.1.tgz",
      "integrity": "sha512-vwcs5DZcjDW3ynnCVMXjHWCpLBZ9r544tlo5Gbe287X253vMAse2DDJ9pD9KYqPv1k3QNGaKRa4CtjuKarpUWw==",
      "requires": {
        "@ckeditor/ckeditor5-core": "^38.0.1",
        "@ckeditor/ckeditor5-ui": "^38.0.1",
        "@ckeditor/ckeditor5-utils": "^38.0.1"
      }
    },
    "@ckeditor/ckeditor5-utils": {
      "version": "38.0.1",
      "resolved": "https://registry.npmjs.org/@ckeditor/ckeditor5-utils/-/ckeditor5-utils-38.0.1.tgz",
      "integrity": "sha512-biJ7yBUSumPDPq14FvZFW4+lHD2LfcZLWgJ7KesoseSOo2BgXAznUGozndEgeHYlnevs9bJAjQOGlTd5bYOW0w==",
      "requires": {
        "lodash-es": "^4.17.15"
      }
    },
    "@ckeditor/ckeditor5-watchdog": {
      "version": "38.0.1",
      "resolved": "https://registry.npmjs.org/@ckeditor/ckeditor5-watchdog/-/ckeditor5-watchdog-38.0.1.tgz",
      "integrity": "sha512-Q2QeUbDpoA4gIYpd0BicnP0k7ZxuY09x6+8AYNG45xI9NvcFhyyry/dw41AwFmqcZbU3NfPxV47vJzIQ2ZOqQg==",
      "requires": {
        "lodash-es": "^4.17.15"
      }
    },
    "@ckeditor/ckeditor5-widget": {
      "version": "38.0.1",
      "resolved": "https://registry.npmjs.org/@ckeditor/ckeditor5-widget/-/ckeditor5-widget-38.0.1.tgz",
      "integrity": "sha512-2XxSXzS9doFWGX7Lb5U5+sLr6tJQOUP17lGBC2PwaNPfZWTk73ibq3vUlboAJJB5Hv3JrIa971KH6rcFIdr1Hg==",
      "requires": {
        "@ckeditor/ckeditor5-core": "^38.0.1",
        "@ckeditor/ckeditor5-engine": "^38.0.1",
        "@ckeditor/ckeditor5-enter": "^38.0.1",
        "@ckeditor/ckeditor5-typing": "^38.0.1",
        "@ckeditor/ckeditor5-ui": "^38.0.1",
        "@ckeditor/ckeditor5-utils": "^38.0.1",
        "lodash-es": "^4.17.15"
      }
    },
    "ckeditor5": {
      "version": "38.0.1",
      "resolved": "https://registry.npmjs.org/ckeditor5/-/ckeditor5-38.0.1.tgz",
      "integrity": "sha512-r1axtjYlQZxcyWyF9vbiPiZYZSYBd40ITlo6gC7L5bOLSlFNreEif7b7IRKg4e5aGn4c1FopTk7WoLsZ/CnSoA==",
      "requires": {
        "@ckeditor/ckeditor5-clipboard": "^38.0.1",
        "@ckeditor/ckeditor5-core": "^38.0.1",
        "@ckeditor/ckeditor5-engine": "^38.0.1",
        "@ckeditor/ckeditor5-enter": "^38.0.1",
        "@ckeditor/ckeditor5-paragraph": "^38.0.1",
        "@ckeditor/ckeditor5-select-all": "^38.0.1",
        "@ckeditor/ckeditor5-typing": "^38.0.1",
        "@ckeditor/ckeditor5-ui": "^38.0.1",
        "@ckeditor/ckeditor5-undo": "^38.0.1",
        "@ckeditor/ckeditor5-upload": "^38.0.1",
        "@ckeditor/ckeditor5-utils": "^38.0.1",
        "@ckeditor/ckeditor5-watchdog": "^38.0.1",
        "@ckeditor/ckeditor5-widget": "^38.0.1"
      }
    },
    "color-convert": {
      "version": "2.0.1",
      "resolved": "https://registry.npmjs.org/color-convert/-/color-convert-2.0.1.tgz",
      "integrity": "sha512-RRECPsj7iu/xb5oKYcsFHSppFNnsj/52OVTRKb4zP5onXwVF3zVmmToNcOfGC+CRDpfK/U584fMg38ZHCaElKQ==",
      "requires": {
        "color-name": "~1.1.4"
      }
    },
    "color-name": {
      "version": "1.1.4",
      "resolved": "https://registry.npmjs.org/color-name/-/color-name-1.1.4.tgz",
      "integrity": "sha512-dOy+3AuW3a2wNbZHIuMZpTcgjGuLU/uBL/ubcZF9OXbDo8ff4O8yVp5Bf0efS8uEoYo5q4Fx7dY9OgQGXgAsQA=="
    },
    "color-parse": {
      "version": "1.4.2",
      "resolved": "https://registry.npmjs.org/color-parse/-/color-parse-1.4.2.tgz",
      "integrity": "sha512-RI7s49/8yqDj3fECFZjUI1Yi0z/Gq1py43oNJivAIIDSyJiOZLfYCRQEgn8HEVAj++PcRe8AnL2XF0fRJ3BTnA==",
      "requires": {
        "color-name": "^1.0.0"
      }
    },
    "lodash-es": {
      "version": "4.17.21",
      "resolved": "https://registry.npmjs.org/lodash-es/-/lodash-es-4.17.21.tgz",
      "integrity": "sha512-mKnC+QJ9pWVzv+C4/U3rRsHapFfHvQFoFB92e52xeyGMcX6/OlIl78je1u8vePzYZSkkogMPJ2yjxxsb89cxyw=="
    },
    "vanilla-colorful": {
      "version": "0.7.2",
      "resolved": "https://registry.npmjs.org/vanilla-colorful/-/vanilla-colorful-0.7.2.tgz",
      "integrity": "sha512-z2YZusTFC6KnLERx1cgoIRX2CjPRP0W75N+3CC6gbvdX5Ch47rZkEMGO2Xnf+IEmi3RiFLxS18gayMA27iU7Kg=="
    }
  }
}
